
Microsoft Visual Studio Solution File, Format Version 12.00
# Visual Studio 14
VisualStudioVersion = 14.0.25420.1
MinimumVisualStudioVersion = 10.0.40219.1
Project("{FAE04EC0-301F-11D3-BF4B-00C04F79EFBC}") = "FullStackToDo", "FullStackToDo\FullStackToDo.csproj", "{DB87AB0C-B8C9-4AE8-AC6E-A75B5C1CECCE}"
EndProject
Global
	GlobalSection(SolutionConfigurationPlatforms) = preSolution
		Debug|Any CPU = Debug|Any CPU
		Release|Any CPU = Release|Any CPU
	EndGlobalSection
	GlobalSection(ProjectConfigurationPlatforms) = postSolution
		{DB87AB0C-B8C9-4AE8-AC6E-A75B5C1CECCE}.Debug|Any CPU.ActiveCfg = Debug|Any CPU
		{DB87AB0C-B8C9-4AE8-AC6E-A75B5C1CECCE}.Debug|Any CPU.Build.0 = Debug|Any CPU
		{DB87AB0C-B8C9-4AE8-AC6E-A75B5C1CECCE}.Release|Any CPU.ActiveCfg = Release|Any CPU
		{DB87AB0C-B8C9-4AE8-AC6E-A75B5C1CECCE}.Release|Any CPU.Build.0 = Release|Any CPU
	EndGlobalSection
	GlobalSection(SolutionProperties) = preSolution
		HideSolutionNode = FALSE
	EndGlobalSection
EndGlobal
